
Microsoft Visual Studio Solution File, Format Version 12.00
# Visual Studio 15
VisualStudioVersion = 15.0.28307.1022
MinimumVisualStudioVersion = 10.0.40219.1
Project("{FAE04EC0-301F-11D3-BF4B-00C04F79EFBC}") = "ATI.PlayerMax.Automation", "ATI.PlayerMax.Automation\ATI.PlayerMax.Automation.csproj", "{22F84636-B3A1-4D1C-84AC-83DE07EC3985}"
EndProject
Global
	GlobalSection(SolutionConfigurationPlatforms) = preSolution
		Debug|Any CPU = Debug|Any CPU
		Release|Any CPU = Release|Any CPU
	EndGlobalSection
	GlobalSection(ProjectConfigurationPlatforms) = postSolution
		{22F84636-B3A1-4D1C-84AC-83DE07EC3985}.Debug|Any CPU.ActiveCfg = Debug|Any CPU
		{22F84636-B3A1-4D1C-84AC-83DE07EC3985}.Debug|Any CPU.Build.0 = Debug|Any CPU
		{22F84636-B3A1-4D1C-84AC-83DE07EC3985}.Release|Any CPU.ActiveCfg = Release|Any CPU
		{22F84636-B3A1-4D1C-84AC-83DE07EC3985}.Release|Any CPU.Build.0 = Release|Any CPU
	EndGlobalSection
	GlobalSection(SolutionProperties) = preSolution
		HideSolutionNode = FALSE
	EndGlobalSection
	GlobalSection(ExtensibilityGlobals) = postSolution
		SolutionGuid = {DCD985E2-90BD-4C96-8634-B32010053858}
	EndGlobalSection
EndGlobal
